
Microsoft Visual Studio Solution File, Format Version 12.00
# Visual Studio Version 17
VisualStudioVersion = 17.10.34607.79
MinimumVisualStudioVersion = 10.0.40219.1
Project("{FAE04EC0-301F-11D3-BF4B-00C04F79EFBC}") = "1640WebDevUMC", "1640WebDevUMC\1640WebDevUMC.csproj", "{63F6DDBB-2D9E-4878-9552-226C27491ABE}"
EndProject
Global
	GlobalSection(SolutionConfigurationPlatforms) = preSolution
		Debug|Any CPU = Debug|Any CPU
		Release|Any CPU = Release|Any CPU
	EndGlobalSection
	GlobalSection(ProjectConfigurationPlatforms) = postSolution
		{63F6DDBB-2D9E-4878-9552-226C27491ABE}.Debug|Any CPU.ActiveCfg = Debug|Any CPU
		{63F6DDBB-2D9E-4878-9552-226C27491ABE}.Debug|Any CPU.Build.0 = Debug|Any CPU
		{63F6DDBB-2D9E-4878-9552-226C27491ABE}.Release|Any CPU.ActiveCfg = Release|Any CPU
		{63F6DDBB-2D9E-4878-9552-226C27491ABE}.Release|Any CPU.Build.0 = Release|Any CPU
	EndGlobalSection
	GlobalSection(SolutionProperties) = preSolution
		HideSolutionNode = FALSE
	EndGlobalSection
	GlobalSection(ExtensibilityGlobals) = postSolution
		SolutionGuid = {556E516C-13B0-4E45-AE51-AFB8BB0FFAFD}
	EndGlobalSection
EndGlobal
